
Microsoft Visual Studio Solution File, Format Version 12.00
# Visual Studio 2013
VisualStudioVersion = 12.0.21005.1
MinimumVisualStudioVersion = 10.0.40219.1
Project("{FAE04EC0-301F-11D3-BF4B-00C04F79EFBC}") = "PolynomialRootFinder", "PolynomialRootFinder\PolynomialRootFinder.csproj", "{994806F6-7586-4E0A-BECF-AA91CC4F732F}"
EndProject
Project("{FAE04EC0-301F-11D3-BF4B-00C04F79EFBC}") = "PolynomialRootFinder-Test", "PolynomialRootFinder-Test\PolynomialRootFinder-Test.csproj", "{EDF47A80-250F-4F8F-955E-31BCB22A4D95}"
EndProject
Global
	GlobalSection(SolutionConfigurationPlatforms) = preSolution
		Debug|Any CPU = Debug|Any CPU
		Release|Any CPU = Release|Any CPU
	EndGlobalSection
	GlobalSection(ProjectConfigurationPlatforms) = postSolution
		{994806F6-7586-4E0A-BECF-AA91CC4F732F}.Debug|Any CPU.ActiveCfg = Debug|Any CPU
		{994806F6-7586-4E0A-BECF-AA91CC4F732F}.Debug|Any CPU.Build.0 = Debug|Any CPU
		{994806F6-7586-4E0A-BECF-AA91CC4F732F}.Release|Any CPU.ActiveCfg = Release|Any CPU
		{994806F6-7586-4E0A-BECF-AA91CC4F732F}.Release|Any CPU.Build.0 = Release|Any CPU
		{EDF47A80-250F-4F8F-955E-31BCB22A4D95}.Debug|Any CPU.ActiveCfg = Debug|Any CPU
		{EDF47A80-250F-4F8F-955E-31BCB22A4D95}.Debug|Any CPU.Build.0 = Debug|Any CPU
		{EDF47A80-250F-4F8F-955E-31BCB22A4D95}.Release|Any CPU.ActiveCfg = Release|Any CPU
		{EDF47A80-250F-4F8F-955E-31BCB22A4D95}.Release|Any CPU.Build.0 = Release|Any CPU
	EndGlobalSection
	GlobalSection(SolutionProperties) = preSolution
		HideSolutionNode = FALSE
	EndGlobalSection
EndGlobal
